
Microsoft Visual Studio Solution File, Format Version 12.00
# Visual Studio Version 17
VisualStudioVersion = 17.12.35707.178 d17.12
MinimumVisualStudioVersion = 10.0.40219.1
Project("{FAE04EC0-301F-11D3-BF4B-00C04F79EFBC}") = "DevSummit2025", "DevSummit2025\DevSummit2025.csproj", "{AF06B869-106E-40C5-9828-DB55C28DCBE3}"
EndProject
Global
	GlobalSection(SolutionConfigurationPlatforms) = preSolution
		Debug|Any CPU = Debug|Any CPU
		Release|Any CPU = Release|Any CPU
	EndGlobalSection
	GlobalSection(ProjectConfigurationPlatforms) = postSolution
		{AF06B869-106E-40C5-9828-DB55C28DCBE3}.Debug|Any CPU.ActiveCfg = Debug|Any CPU
		{AF06B869-106E-40C5-9828-DB55C28DCBE3}.Debug|Any CPU.Build.0 = Debug|Any CPU
		{AF06B869-106E-40C5-9828-DB55C28DCBE3}.Release|Any CPU.ActiveCfg = Release|Any CPU
		{AF06B869-106E-40C5-9828-DB55C28DCBE3}.Release|Any CPU.Build.0 = Release|Any CPU
	EndGlobalSection
	GlobalSection(SolutionProperties) = preSolution
		HideSolutionNode = FALSE
	EndGlobalSection
EndGlobal
